
Microsoft Visual Studio Solution File, Format Version 12.00
# Visual Studio 2012
Project("{FAE04EC0-301F-11D3-BF4B-00C04F79EFBC}") = "Model", "Model\Model.csproj", "{40B37379-939A-4B0C-B66F-3B1B95CDB3A6}"
EndProject
Project("{FAE04EC0-301F-11D3-BF4B-00C04F79EFBC}") = "Utility", "Utility\Utility.csproj", "{C50D14FE-A183-4C70-AAEE-8F431460C501}"
EndProject
Project("{FAE04EC0-301F-11D3-BF4B-00C04F79EFBC}") = "WebApp", "WebApp\WebApp.csproj", "{A03230A9-5DCB-47A7-B4E8-751263104770}"
EndProject
Global
	GlobalSection(SolutionConfigurationPlatforms) = preSolution
		Debug|Any CPU = Debug|Any CPU
		Release|Any CPU = Release|Any CPU
	EndGlobalSection
	GlobalSection(ProjectConfigurationPlatforms) = postSolution
		{40B37379-939A-4B0C-B66F-3B1B95CDB3A6}.Debug|Any CPU.ActiveCfg = Debug|Any CPU
		{40B37379-939A-4B0C-B66F-3B1B95CDB3A6}.Debug|Any CPU.Build.0 = Debug|Any CPU
		{40B37379-939A-4B0C-B66F-3B1B95CDB3A6}.Release|Any CPU.ActiveCfg = Release|Any CPU
		{40B37379-939A-4B0C-B66F-3B1B95CDB3A6}.Release|Any CPU.Build.0 = Release|Any CPU
		{C50D14FE-A183-4C70-AAEE-8F431460C501}.Debug|Any CPU.ActiveCfg = Debug|Any CPU
		{C50D14FE-A183-4C70-AAEE-8F431460C501}.Debug|Any CPU.Build.0 = Debug|Any CPU
		{C50D14FE-A183-4C70-AAEE-8F431460C501}.Release|Any CPU.ActiveCfg = Release|Any CPU
		{C50D14FE-A183-4C70-AAEE-8F431460C501}.Release|Any CPU.Build.0 = Release|Any CPU
		{A03230A9-5DCB-47A7-B4E8-751263104770}.Debug|Any CPU.ActiveCfg = Debug|Any CPU
		{A03230A9-5DCB-47A7-B4E8-751263104770}.Debug|Any CPU.Build.0 = Debug|Any CPU
		{A03230A9-5DCB-47A7-B4E8-751263104770}.Release|Any CPU.ActiveCfg = Release|Any CPU
		{A03230A9-5DCB-47A7-B4E8-751263104770}.Release|Any CPU.Build.0 = Release|Any CPU
	EndGlobalSection
	GlobalSection(SolutionProperties) = preSolution
		HideSolutionNode = FALSE
	EndGlobalSection
EndGlobal
